PODS:
  - Amplitude (7.2.0)
  - amplitude_flutter (0.0.1):
    - Amplitude (= 7.2.0)
    - Flutter
  - AppAuth (1.4.0):
    - AppAuth/Core (= 1.4.0)
    - AppAuth/ExternalUserAgent (= 1.4.0)
  - AppAuth/Core (1.4.0)
  - AppAuth/ExternalUserAgent (1.4.0)
  - audio_session (0.0.1):
    - Flutter
  - device_info (0.0.1):
    - Flutter
<<<<<<< HEAD
  - Firebase/Analytics (6.33.0):
=======
  - Firebase/Analytics (7.11.0):
>>>>>>> 95cb9369f2542b04bdd4bbbc95d47b4b1b40d866
    - Firebase/Core
  - Firebase/Auth (7.11.0):
    - Firebase/CoreOnly
    - FirebaseAuth (~> 7.11.0)
  - Firebase/Core (7.11.0):
    - Firebase/CoreOnly
    - FirebaseAnalytics (~> 7.11.0)
  - Firebase/CoreOnly (7.11.0):
    - FirebaseCore (= 7.11.0)
  - Firebase/Crashlytics (7.11.0):
    - Firebase/CoreOnly
    - FirebaseCrashlytics (~> 7.11.0)
  - firebase_analytics (8.0.4):
    - Firebase/Analytics (= 7.11.0)
    - firebase_core
    - Flutter
  - firebase_auth (1.1.4):
    - Firebase/Auth (= 7.11.0)
    - firebase_core
    - Flutter
  - firebase_core (1.1.1):
    - Firebase/CoreOnly (= 7.11.0)
    - Flutter
  - firebase_crashlytics (2.0.3):
    - Firebase/Crashlytics (= 7.11.0)
    - firebase_core
    - Flutter
  - FirebaseAnalytics (7.11.0):
    - FirebaseAnalytics/AdIdSupport (= 7.11.0)
    - FirebaseCore (~> 7.0)
    - FirebaseInstallations (~> 7.0)
    - GoogleUtilities/AppDelegateSwizzler (~> 7.0)
    - GoogleUtilities/MethodSwizzler (~> 7.0)
    - GoogleUtilities/Network (~> 7.0)
    - "GoogleUtilities/NSData+zlib (~> 7.0)"
    - nanopb (~> 2.30908.0)
  - FirebaseAnalytics/AdIdSupport (7.11.0):
    - FirebaseAnalytics/Base (= 7.11.0)
    - FirebaseCore (~> 7.0)
    - FirebaseInstallations (~> 7.0)
    - GoogleAppMeasurement/AdIdSupport (= 7.11.0)
    - GoogleUtilities/AppDelegateSwizzler (~> 7.0)
    - GoogleUtilities/MethodSwizzler (~> 7.0)
    - GoogleUtilities/Network (~> 7.0)
    - "GoogleUtilities/NSData+zlib (~> 7.0)"
    - nanopb (~> 2.30908.0)
  - FirebaseAnalytics/Base (7.11.0):
    - FirebaseCore (~> 7.0)
    - FirebaseInstallations (~> 7.0)
    - GoogleUtilities/AppDelegateSwizzler (~> 7.0)
    - GoogleUtilities/MethodSwizzler (~> 7.0)
    - GoogleUtilities/Network (~> 7.0)
    - "GoogleUtilities/NSData+zlib (~> 7.0)"
    - nanopb (~> 2.30908.0)
  - FirebaseAuth (7.11.0):
    - FirebaseCore (~> 7.0)
    - GoogleUtilities/AppDelegateSwizzler (~> 7.0)
    - GoogleUtilities/Environment (~> 7.0)
    - GTMSessionFetcher/Core (~> 1.4)
  - FirebaseCore (7.11.0):
    - FirebaseCoreDiagnostics (~> 7.4)
    - GoogleUtilities/Environment (~> 7.0)
    - GoogleUtilities/Logger (~> 7.0)
  - FirebaseCoreDiagnostics (7.11.0):
    - GoogleDataTransport (~> 8.4)
    - GoogleUtilities/Environment (~> 7.0)
    - GoogleUtilities/Logger (~> 7.0)
    - nanopb (~> 2.30908.0)
  - FirebaseCrashlytics (7.11.0):
    - FirebaseCore (~> 7.0)
    - FirebaseInstallations (~> 7.0)
    - GoogleDataTransport (~> 8.4)
    - nanopb (~> 2.30908.0)
    - PromisesObjC (~> 1.2)
  - FirebaseInstallations (7.11.0):
    - FirebaseCore (~> 7.0)
    - GoogleUtilities/Environment (~> 7.0)
    - GoogleUtilities/UserDefaults (~> 7.0)
    - PromisesObjC (~> 1.2)
  - Flutter (1.0.0)
<<<<<<< HEAD
  - flutter_audio_recorder (0.5.4):
    - Flutter
=======
>>>>>>> 95cb9369f2542b04bdd4bbbc95d47b4b1b40d866
  - FMDB (2.7.5):
    - FMDB/standard (= 2.7.5)
  - FMDB/standard (2.7.5)
  - google_sign_in (0.0.1):
    - Flutter
    - GoogleSignIn (~> 5.0)
  - GoogleAppMeasurement/AdIdSupport (7.11.0):
    - GoogleUtilities/AppDelegateSwizzler (~> 7.0)
    - GoogleUtilities/MethodSwizzler (~> 7.0)
    - GoogleUtilities/Network (~> 7.0)
    - "GoogleUtilities/NSData+zlib (~> 7.0)"
    - nanopb (~> 2.30908.0)
  - GoogleDataTransport (8.4.0):
    - GoogleUtilities/Environment (~> 7.2)
    - nanopb (~> 2.30908.0)
    - PromisesObjC (~> 1.2)
  - GoogleSignIn (5.0.2):
    - AppAuth (~> 1.2)
    - GTMAppAuth (~> 1.0)
    - GTMSessionFetcher/Core (~> 1.1)
  - GoogleUtilities/AppDelegateSwizzler (7.4.0):
    - GoogleUtilities/Environment
    - GoogleUtilities/Logger
    - GoogleUtilities/Network
  - GoogleUtilities/Environment (7.4.0):
    - PromisesObjC (~> 1.2)
  - GoogleUtilities/Logger (7.4.0):
    - GoogleUtilities/Environment
  - GoogleUtilities/MethodSwizzler (7.4.0):
    - GoogleUtilities/Logger
  - GoogleUtilities/Network (7.4.0):
    - GoogleUtilities/Logger
    - "GoogleUtilities/NSData+zlib"
    - GoogleUtilities/Reachability
  - "GoogleUtilities/NSData+zlib (7.4.0)"
  - GoogleUtilities/Reachability (7.4.0):
    - GoogleUtilities/Logger
  - GoogleUtilities/UserDefaults (7.4.0):
    - GoogleUtilities/Logger
  - GTMAppAuth (1.2.2):
    - AppAuth/Core (~> 1.4)
    - GTMSessionFetcher/Core (~> 1.5)
  - GTMSessionFetcher/Core (1.5.0)
<<<<<<< HEAD
  - GTMSessionFetcher/Full (1.5.0):
    - GTMSessionFetcher/Core (= 1.5.0)
=======
  - hardware_buttons (0.0.1):
    - Flutter
>>>>>>> 95cb9369f2542b04bdd4bbbc95d47b4b1b40d866
  - in_app_purchase (0.0.1):
    - Flutter
  - in_app_review (0.2.0):
    - Flutter
  - just_audio (0.0.1):
    - Flutter
  - kakao_flutter_sdk (0.6.1):
    - Flutter
  - nanopb (2.30908.0):
    - nanopb/decode (= 2.30908.0)
    - nanopb/encode (= 2.30908.0)
  - nanopb/decode (2.30908.0)
  - nanopb/encode (2.30908.0)
  - package_info (0.0.1):
    - Flutter
  - path_provider (0.0.1):
    - Flutter
  - "permission_handler (5.1.0+2)":
    - Flutter
  - PromisesObjC (1.2.12)
  - shared_preferences (0.0.1):
    - Flutter
  - sign_in_with_apple (0.0.1):
    - Flutter
  - sqflite (0.0.2):
    - Flutter
    - FMDB (>= 2.7.5)
  - system_shortcuts (0.0.1):
    - Flutter
  - url_launcher (0.0.1):
    - Flutter
  - webview_flutter (0.0.1):
    - Flutter

DEPENDENCIES:
  - amplitude_flutter (from `.symlinks/plugins/amplitude_flutter/ios`)
  - audio_session (from `.symlinks/plugins/audio_session/ios`)
  - device_info (from `.symlinks/plugins/device_info/ios`)
  - firebase_analytics (from `.symlinks/plugins/firebase_analytics/ios`)
  - firebase_auth (from `.symlinks/plugins/firebase_auth/ios`)
  - firebase_core (from `.symlinks/plugins/firebase_core/ios`)
  - firebase_crashlytics (from `.symlinks/plugins/firebase_crashlytics/ios`)
  - Flutter (from `Flutter`)
<<<<<<< HEAD
  - flutter_audio_recorder (from `.symlinks/plugins/flutter_audio_recorder/ios`)
=======
>>>>>>> 95cb9369f2542b04bdd4bbbc95d47b4b1b40d866
  - google_sign_in (from `.symlinks/plugins/google_sign_in/ios`)
  - in_app_purchase (from `.symlinks/plugins/in_app_purchase/ios`)
  - in_app_review (from `.symlinks/plugins/in_app_review/ios`)
  - just_audio (from `.symlinks/plugins/just_audio/ios`)
  - kakao_flutter_sdk (from `.symlinks/plugins/kakao_flutter_sdk/ios`)
  - package_info (from `.symlinks/plugins/package_info/ios`)
  - path_provider (from `.symlinks/plugins/path_provider/ios`)
  - permission_handler (from `.symlinks/plugins/permission_handler/ios`)
  - shared_preferences (from `.symlinks/plugins/shared_preferences/ios`)
  - sign_in_with_apple (from `.symlinks/plugins/sign_in_with_apple/ios`)
  - sqflite (from `.symlinks/plugins/sqflite/ios`)
  - system_shortcuts (from `.symlinks/plugins/system_shortcuts/ios`)
  - url_launcher (from `.symlinks/plugins/url_launcher/ios`)
  - webview_flutter (from `.symlinks/plugins/webview_flutter/ios`)

SPEC REPOS:
  trunk:
    - Amplitude
    - AppAuth
    - Firebase
    - FirebaseAnalytics
    - FirebaseAuth
    - FirebaseCore
    - FirebaseCoreDiagnostics
    - FirebaseCrashlytics
    - FirebaseInstallations
    - FMDB
    - GoogleAppMeasurement
    - GoogleDataTransport
    - GoogleSignIn
    - GoogleUtilities
    - GTMAppAuth
    - GTMSessionFetcher
    - nanopb
    - PromisesObjC

EXTERNAL SOURCES:
  amplitude_flutter:
    :path: ".symlinks/plugins/amplitude_flutter/ios"
  audio_session:
    :path: ".symlinks/plugins/audio_session/ios"
  device_info:
    :path: ".symlinks/plugins/device_info/ios"
  firebase_analytics:
    :path: ".symlinks/plugins/firebase_analytics/ios"
  firebase_auth:
    :path: ".symlinks/plugins/firebase_auth/ios"
  firebase_core:
    :path: ".symlinks/plugins/firebase_core/ios"
  firebase_crashlytics:
    :path: ".symlinks/plugins/firebase_crashlytics/ios"
  Flutter:
    :path: Flutter
<<<<<<< HEAD
  flutter_audio_recorder:
    :path: ".symlinks/plugins/flutter_audio_recorder/ios"
=======
>>>>>>> 95cb9369f2542b04bdd4bbbc95d47b4b1b40d866
  google_sign_in:
    :path: ".symlinks/plugins/google_sign_in/ios"
  in_app_purchase:
    :path: ".symlinks/plugins/in_app_purchase/ios"
  in_app_review:
    :path: ".symlinks/plugins/in_app_review/ios"
  just_audio:
    :path: ".symlinks/plugins/just_audio/ios"
  kakao_flutter_sdk:
    :path: ".symlinks/plugins/kakao_flutter_sdk/ios"
  package_info:
    :path: ".symlinks/plugins/package_info/ios"
  path_provider:
    :path: ".symlinks/plugins/path_provider/ios"
  permission_handler:
    :path: ".symlinks/plugins/permission_handler/ios"
  shared_preferences:
    :path: ".symlinks/plugins/shared_preferences/ios"
  sign_in_with_apple:
    :path: ".symlinks/plugins/sign_in_with_apple/ios"
  sqflite:
    :path: ".symlinks/plugins/sqflite/ios"
  system_shortcuts:
    :path: ".symlinks/plugins/system_shortcuts/ios"
  url_launcher:
    :path: ".symlinks/plugins/url_launcher/ios"
  webview_flutter:
    :path: ".symlinks/plugins/webview_flutter/ios"

SPEC CHECKSUMS:
  Amplitude: c948c6f99c7f798c196523b2a5584367401d910f
  amplitude_flutter: 5c934cf8331619b62bbd5a69f3cfea9090b3ca94
  AppAuth: 31bcec809a638d7bd2f86ea8a52bd45f6e81e7c7
  audio_session: 4f3e461722055d21515cf3261b64c973c062f345
  device_info: d7d233b645a32c40dfdc212de5cf646ca482f175
<<<<<<< HEAD
  Firebase: 8db6f2d1b2c5e2984efba4949a145875a8f65fe5
  firebase_analytics: 36a619088c46224900829f14f4daa71585693a6f
  firebase_auth: d5159db3873478d1ac839af7b10d2f831516136a
  firebase_core: 5d6a02f3d85acd5f8321c2d6d62877626a670659
  firebase_crashlytics: 7b37f8e79a82175606a3447852c9efa8e10034b3
  firebase_messaging: 0aea2cd5885b65e19ede58ee3507f485c992cc75
  FirebaseAnalytics: 5dd088bd2e67bb9d13dbf792d1164ceaf3052193
  FirebaseAuth: c92d49ada7948d1a23466e3db17bc4c2039dddc3
  FirebaseCore: d889d9e12535b7f36ac8bfbf1713a0836a3012cd
  FirebaseCoreDiagnostics: 770ac5958e1372ce67959ae4b4f31d8e127c3ac1
  FirebaseCrashlytics: 1a747c9cc084a24dc6d9511c991db1cd078154eb
  FirebaseInstallations: 466c7b4d1f58fe16707693091da253726a731ed2
  FirebaseInstanceID: bd3ffc24367f901a43c063b36c640b345a4a5dd1
  FirebaseMessaging: 5eca4ef173de76253352511aafef774caa1cba2a
  Flutter: 434fef37c0980e73bb6479ef766c45957d4b510c
  flutter_audio_recorder: eb998d4e75e59b39d9e3ca1818a5e0f3a82f5836
=======
  Firebase: c121feb35e4126c0b355e3313fa9b487d47319fd
  firebase_analytics: 2d95c809fde5c606276a51b9cdc591a7ba44e1f2
  firebase_auth: a2bcd374be68ccee6284c3d00286846466b5a28b
  firebase_core: 54856a8a39b8f3e35f34fdd3373f3b92a1daa68b
  firebase_crashlytics: 1e72fe7a913faa6bc73f75794a5f68947e26623e
  FirebaseAnalytics: cd3bd84d722a24a8923918af8af8e5236f615d77
  FirebaseAuth: 5fe4585c2ed847319f0ea68bd1d82c77e49ff9a0
  FirebaseCore: 907447d8917a4d3eb0cce2829c5a0ad21d90b432
  FirebaseCoreDiagnostics: 68ad972f99206cef818230f3f3179d52ccfb7f8c
  FirebaseCrashlytics: 272b675aa9d1e9bae1f9e1449fcc1f2cf6042806
  FirebaseInstallations: a58d4f72ec5861840b84df489f2668d970df558a
  Flutter: 434fef37c0980e73bb6479ef766c45957d4b510c
>>>>>>> 95cb9369f2542b04bdd4bbbc95d47b4b1b40d866
  FMDB: 2ce00b547f966261cd18927a3ddb07cb6f3db82a
  google_sign_in: 6bd214b9c154f881422f5fe27b66aaa7bbd580cc
  GoogleAppMeasurement: fd19169c3034975cb934e865e5667bfdce59df7f
  GoogleDataTransport: cd9db2180fcecd8da1b561aea31e3e56cf834aa7
  GoogleSignIn: 7137d297ddc022a7e0aa4619c86d72c909fa7213
  GoogleUtilities: 284cddc7fffc14ae1907efb6f78ab95c1fccaedc
  GTMAppAuth: ad5c2b70b9a8689e1a04033c9369c4915bfcbe89
  GTMSessionFetcher: b3503b20a988c4e20cc189aa798fd18220133f52
  in_app_purchase: 3e2155afa9d03d4fa32d9e62d567885080ce97d6
  in_app_review: 4a97249f7a2f539a0f294c2d9196b7fe35e49541
  just_audio: baa7252489dbcf47a4c7cc9ca663e9661c99aafa
  kakao_flutter_sdk: 4084c8ebd615866755f881efb34846b3bb5fb919
  nanopb: a0ba3315591a9ae0a16a309ee504766e90db0c96
  package_info: 873975fc26034f0b863a300ad47e7f1ac6c7ec62
  path_provider: abfe2b5c733d04e238b0d8691db0cfd63a27a93c
  permission_handler: ccb20a9fad0ee9b1314a52b70b76b473c5f8dab0
  PromisesObjC: 3113f7f76903778cf4a0586bd1ab89329a0b7b97
  shared_preferences: af6bfa751691cdc24be3045c43ec037377ada40d
  sign_in_with_apple: 34f3f5456a45fd7ac5fb42905e2ad31dae061b4a
  sqflite: 6d358c025f5b867b29ed92fc697fd34924e11904
  system_shortcuts: fa91743cc51eed3811f5ea5461e23f972b9de780
  url_launcher: 6fef411d543ceb26efce54b05a0a40bfd74cbbef
  webview_flutter: 9f491a9b5a66f2573946a389b2677987b0ff8c0b

PODFILE CHECKSUM: ef19549a9bc3046e7bb7d2fab4d021637c0c58a3

COCOAPODS: 1.10.1
